
Microsoft Visual Studio Solution File, Format Version 12.00
# Visual Studio Version 17
VisualStudioVersion = 17.11.35312.102
MinimumVisualStudioVersion = 10.0.40219.1
Project("{FAE04EC0-301F-11D3-BF4B-00C04F79EFBC}") = "SafeArgon2", "SafeArgon2\SafeArgon2.csproj", "{71B8E388-BEE0-4161-97EB-33B3091D3370}"
EndProject
Project("{FAE04EC0-301F-11D3-BF4B-00C04F79EFBC}") = "LibTest", "LibTest\LibTest.csproj", "{4437980B-8091-4FC1-84EC-26CB14C68E56}"
EndProject
Global
	GlobalSection(SolutionConfigurationPlatforms) = preSolution
		Debug|Any CPU = Debug|Any CPU
		Release|Any CPU = Release|Any CPU
	EndGlobalSection
	GlobalSection(ProjectConfigurationPlatforms) = postSolution
		{71B8E388-BEE0-4161-97EB-33B3091D3370}.Debug|Any CPU.ActiveCfg = Debug|Any CPU
		{71B8E388-BEE0-4161-97EB-33B3091D3370}.Debug|Any CPU.Build.0 = Debug|Any CPU
		{71B8E388-BEE0-4161-97EB-33B3091D3370}.Release|Any CPU.ActiveCfg = Release|Any CPU
		{71B8E388-BEE0-4161-97EB-33B3091D3370}.Release|Any CPU.Build.0 = Release|Any CPU
		{4437980B-8091-4FC1-84EC-26CB14C68E56}.Debug|Any CPU.ActiveCfg = Debug|Any CPU
		{4437980B-8091-4FC1-84EC-26CB14C68E56}.Debug|Any CPU.Build.0 = Debug|Any CPU
		{4437980B-8091-4FC1-84EC-26CB14C68E56}.Release|Any CPU.ActiveCfg = Release|Any CPU
		{4437980B-8091-4FC1-84EC-26CB14C68E56}.Release|Any CPU.Build.0 = Release|Any CPU
	EndGlobalSection
	GlobalSection(SolutionProperties) = preSolution
		HideSolutionNode = FALSE
	EndGlobalSection
	GlobalSection(ExtensibilityGlobals) = postSolution
		SolutionGuid = {CB52C03B-D40F-4D02-B8D8-50709D908CE9}
	EndGlobalSection
EndGlobal
